<?xml version="1.0" encoding="utf-8"?>
<Project ToolsVersion="4.0" xmlns="http://schemas.microsoft.com/developer/msbuild/2003">
  <ItemGroup>
    <Filter Include="源文件">
      <UniqueIdentifier>{4FC737F1-C7A5-4376-A066-2A32D752A2FF}</UniqueIdentifier>
      <Extensions>cpp;c;cc;cxx;c++;cppm;ixx;def;odl;idl;hpj;bat;asm;asmx</Extensions>
    </Filter>
    <Filter Include="头文件">
      <UniqueIdentifier>{93995380-89BD-4b04-88EB-625FBE52EBFB}</UniqueIdentifier>
      <Extensions>h;hh;hpp;hxx;h++;hm;inl;inc;ipp;xsd</Extensions>
    </Filter>
    <Filter Include="资源文件">
      <UniqueIdentifier>{67DA6AB6-F800-4c08-8B7A-83BB121AAD01}</UniqueIdentifier>
      <Extensions>rc;ico;cur;bmp;dlg;rc2;rct;bin;rgs;gif;jpg;jpeg;jpe;resx;tiff;tif;png;wav;mfcribbon-ms</Extensions>
    </Filter>
    <Filter Include="源文件\pe">
      <UniqueIdentifier>{86e1cecb-2a9f-4b6b-8f48-7404332f3c00}</UniqueIdentifier>
    </Filter>
    <Filter Include="源文件\capstone">
      <UniqueIdentifier>{a77cfa70-f90d-4ed8-9120-a2fbb4bbe2c8}</UniqueIdentifier>
    </Filter>
  </ItemGroup>
  <ItemGroup>
    <ClCompile Include="white_patch_detect.cpp">
      <Filter>源文件</Filter>
    </ClCompile>
    <ClCompile Include="pe\pe.cpp">
      <Filter>源文件\pe</Filter>
    </ClCompile>
  </ItemGroup>
  <ItemGroup>
    <ClInclude Include="pe\pe.h">
      <Filter>源文件\pe</Filter>
    </ClInclude>
    <ClInclude Include="capstone-master\include\capstone\arm.h">
      <Filter>源文件\capstone</Filter>
    </ClInclude>
    <ClInclude Include="capstone-master\include\capstone\arm64.h">
      <Filter>源文件\capstone</Filter>
    </ClInclude>
    <ClInclude Include="capstone-master\include\capstone\capstone.h">
      <Filter>源文件\capstone</Filter>
    </ClInclude>
    <ClInclude Include="capstone-master\include\capstone\evm.h">
      <Filter>源文件\capstone</Filter>
    </ClInclude>
    <ClInclude Include="capstone-master\include\capstone\m68k.h">
      <Filter>源文件\capstone</Filter>
    </ClInclude>
    <ClInclude Include="capstone-master\include\capstone\m680x.h">
      <Filter>源文件\capstone</Filter>
    </ClInclude>
    <ClInclude Include="capstone-master\include\capstone\mips.h">
      <Filter>源文件\capstone</Filter>
    </ClInclude>
    <ClInclude Include="capstone-master\include\capstone\mos65xx.h">
      <Filter>源文件\capstone</Filter>
    </ClInclude>
    <ClInclude Include="capstone-master\include\capstone\platform.h">
      <Filter>源文件\capstone</Filter>
    </ClInclude>
    <ClInclude Include="capstone-master\include\capstone\ppc.h">
      <Filter>源文件\capstone</Filter>
    </ClInclude>
    <ClInclude Include="capstone-master\include\capstone\sparc.h">
      <Filter>源文件\capstone</Filter>
    </ClInclude>
    <ClInclude Include="capstone-master\include\capstone\systemz.h">
      <Filter>源文件\capstone</Filter>
    </ClInclude>
    <ClInclude Include="capstone-master\include\capstone\tms320c64x.h">
      <Filter>源文件\capstone</Filter>
    </ClInclude>
    <ClInclude Include="capstone-master\include\capstone\x86.h">
      <Filter>源文件\capstone</Filter>
    </ClInclude>
    <ClInclude Include="capstone-master\include\capstone\xcore.h">
      <Filter>源文件\capstone</Filter>
    </ClInclude>
  </ItemGroup>
</Project>